
Microsoft Visual Studio Solution File, Format Version 12.00
# Visual Studio 2015
Project("{FAE04EC0-301F-11D3-BF4B-00C04F79EFBC}") = "BoxShooter.Plugins", "BoxShooter.Plugins.csproj", "{BAF6B18E-39F7-F14D-1897-69CEF2B43343}"
EndProject
Project("{FAE04EC0-301F-11D3-BF4B-00C04F79EFBC}") = "BoxShooter", "BoxShooter.csproj", "{F96FF892-200E-2599-2B4D-084430E79783}"
EndProject
Global
	GlobalSection(SolutionConfigurationPlatforms) = preSolution
		Debug|Any CPU = Debug|Any CPU
		Release|Any CPU = Release|Any CPU
	EndGlobalSection
	GlobalSection(ProjectConfigurationPlatforms) = postSolution
		{BAF6B18E-39F7-F14D-1897-69CEF2B43343}.Debug|Any CPU.ActiveCfg = Debug|Any CPU
		{BAF6B18E-39F7-F14D-1897-69CEF2B43343}.Debug|Any CPU.Build.0 = Debug|Any CPU
		{BAF6B18E-39F7-F14D-1897-69CEF2B43343}.Release|Any CPU.ActiveCfg = Release|Any CPU
		{BAF6B18E-39F7-F14D-1897-69CEF2B43343}.Release|Any CPU.Build.0 = Release|Any CPU
		{F96FF892-200E-2599-2B4D-084430E79783}.Debug|Any CPU.ActiveCfg = Debug|Any CPU
		{F96FF892-200E-2599-2B4D-084430E79783}.Debug|Any CPU.Build.0 = Debug|Any CPU
		{F96FF892-200E-2599-2B4D-084430E79783}.Release|Any CPU.ActiveCfg = Release|Any CPU
		{F96FF892-200E-2599-2B4D-084430E79783}.Release|Any CPU.Build.0 = Release|Any CPU
	EndGlobalSection
	GlobalSection(SolutionProperties) = preSolution
		HideSolutionNode = FALSE
	EndGlobalSection
EndGlobal
